
Microsoft Visual Studio Solution File, Format Version 12.00
# Visual Studio Version 16
VisualStudioVersion = 16.0.30320.27
MinimumVisualStudioVersion = 10.0.40219.1
Project("{FAE04EC0-301F-11D3-BF4B-00C04F79EFBC}") = "AD_GroupAdd", "AD_GroupAdd\AD_GroupAdd.csproj", "{A8CAF3F6-C04D-4CB8-BC67-6565D64D8601}"
EndProject
Global
	GlobalSection(SolutionConfigurationPlatforms) = preSolution
		Debug|Any CPU = Debug|Any CPU
		Release|Any CPU = Release|Any CPU
	EndGlobalSection
	GlobalSection(ProjectConfigurationPlatforms) = postSolution
		{A8CAF3F6-C04D-4CB8-BC67-6565D64D8601}.Debug|Any CPU.ActiveCfg = Debug|Any CPU
		{A8CAF3F6-C04D-4CB8-BC67-6565D64D8601}.Debug|Any CPU.Build.0 = Debug|Any CPU
		{A8CAF3F6-C04D-4CB8-BC67-6565D64D8601}.Release|Any CPU.ActiveCfg = Release|Any CPU
		{A8CAF3F6-C04D-4CB8-BC67-6565D64D8601}.Release|Any CPU.Build.0 = Release|Any CPU
	EndGlobalSection
	GlobalSection(SolutionProperties) = preSolution
		HideSolutionNode = FALSE
	EndGlobalSection
	GlobalSection(ExtensibilityGlobals) = postSolution
		SolutionGuid = {2A3C9BF5-A13C-44B7-B17C-5EE326CD7DFA}
	EndGlobalSection
EndGlobal
